// !$*UTF8*$!
{
	archiveVersion = 1;
	classes = {
	};
	objectVersion = 48;
	objects = {

/* Begin PBXBuildFile section */
		567416D12016D98E00277329 /* PlistServices.swift in Sources */ = {isa = PBXBuildFile; fileRef = 567416D02016D98E00277329 /* PlistServices.swift */; };
		567416F52017091000277329 /* City.swift in Sources */ = {isa = PBXBuildFile; fileRef = 567416F42017091000277329 /* City.swift */; };
		567416F720170B6B00277329 /* District.swift in Sources */ = {isa = PBXBuildFile; fileRef = 567416F620170B6B00277329 /* District.swift */; };
		567416F920170F4A00277329 /* DataServices.swift in Sources */ = {isa = PBXBuildFile; fileRef = 567416F820170F4A00277329 /* DataServices.swift */; };
		567416FB2017329C00277329 /* CitiesTableViewController.swift in Sources */ = {isa = PBXBuildFile; fileRef = 567416FA2017329C00277329 /* CitiesTableViewController.swift */; };
		567416FD201732BD00277329 /* DistrictTableViewController.swift in Sources */ = {isa = PBXBuildFile; fileRef = 567416FC201732BD00277329 /* DistrictTableViewController.swift */; };
		567417012017330900277329 /* GenderViewController.swift in Sources */ = {isa = PBXBuildFile; fileRef = 567417002017330900277329 /* GenderViewController.swift */; };
		567417032017331E00277329 /* AgeViewController.swift in Sources */ = {isa = PBXBuildFile; fileRef = 567417022017331E00277329 /* AgeViewController.swift */; };
		56741705201733B100277329 /* ResultViewController.swift in Sources */ = {isa = PBXBuildFile; fileRef = 56741704201733B100277329 /* ResultViewController.swift */; };
		56FAA2BD2016BA9700B5CED2 /* AppDelegate.swift in Sources */ = {isa = PBXBuildFile; fileRef = 56FAA2BC2016BA9700B5CED2 /* AppDelegate.swift */; };
		56FAA2C22016BA9700B5CED2 /* Main.storyboard in Resources */ = {isa = PBXBuildFile; fileRef = 56FAA2C02016BA9700B5CED2 /* Main.storyboard */; };
		56FAA2C42016BA9700B5CED2 /* Assets.xcassets in Resources */ = {isa = PBXBuildFile; fileRef = 56FAA2C32016BA9700B5CED2 /* Assets.xcassets */; };
		56FAA2C72016BA9700B5CED2 /* LaunchScreen.storyboard in Resources */ = {isa = PBXBuildFile; fileRef = 56FAA2C52016BA9700B5CED2 /* LaunchScreen.storyboard */; };
		56FAA2D12016BADF00B5CED2 /* Cities.plist in Resources */ = {isa = PBXBuildFile; fileRef = 56FAA2CE2016BAC500B5CED2 /* Cities.plist */; };
		56FAA2D22016BAE200B5CED2 /* Districts.plist in Resources */ = {isa = PBXBuildFile; fileRef = 56FAA2CF2016BAC500B5CED2 /* Districts.plist */; };
/* End PBXBuildFile section */

/* Begin PBXFileReference section */
		567416D02016D98E00277329 /* PlistServices.swift */ = {isa = PBXFileReference; lastKnownFileType = sourcecode.swift; path = PlistServices.swift; sourceTree = "<group>"; };
		567416F42017091000277329 /* City.swift */ = {isa = PBXFileReference; lastKnownFileType = sourcecode.swift; name = City.swift; path = Register/Data/City.swift; sourceTree = SOURCE_ROOT; };
		567416F620170B6B00277329 /* District.swift */ = {isa = PBXFileReference; lastKnownFileType = sourcecode.swift; path = District.swift; sourceTree = "<group>"; };
		567416F820170F4A00277329 /* DataServices.swift */ = {isa = PBXFileReference; lastKnownFileType = sourcecode.swift; path = DataServices.swift; sourceTree = "<group>"; };
		567416FA2017329C00277329 /* CitiesTableViewController.swift */ = {isa = PBXFileReference; lastKnownFileType = sourcecode.swift; path = CitiesTableViewController.swift; sourceTree = "<group>"; };
		567416FC201732BD00277329 /* DistrictTableViewController.swift */ = {isa = PBXFileReference; lastKnownFileType = sourcecode.swift; path = DistrictTableViewController.swift; sourceTree = "<group>"; };
		567417002017330900277329 /* GenderViewController.swift */ = {isa = PBXFileReference; lastKnownFileType = sourcecode.swift; path = GenderViewController.swift; sourceTree = "<group>"; };
		567417022017331E00277329 /* AgeViewController.swift */ = {isa = PBXFileReference; lastKnownFileType = sourcecode.swift; path = AgeViewController.swift; sourceTree = "<group>"; };
		56741704201733B100277329 /* ResultViewController.swift */ = {isa = PBXFileReference; lastKnownFileType = sourcecode.swift; path = ResultViewController.swift; sourceTree = "<group>"; };
		56FAA2B92016BA9700B5CED2 /* Register.app */ = {isa = PBXFileReference; explicitFileType = wrapper.application; includeInIndex = 0; path = Register.app; sourceTree = BUILT_PRODUCTS_DIR; };
		56FAA2BC2016BA9700B5CED2 /* AppDelegate.swift */ = {isa = PBXFileReference; lastKnownFileType = sourcecode.swift; path = AppDelegate.swift; sourceTree = "<group>"; };
		56FAA2C12016BA9700B5CED2 /* Base */ = {isa = PBXFileReference; lastKnownFileType = file.storyboard; name = Base; path = Base.lproj/Main.storyboard; sourceTree = "<group>"; };
		56FAA2C32016BA9700B5CED2 /* Assets.xcassets */ = {isa = PBXFileReference; lastKnownFileType = folder.assetcatalog; path = Assets.xcassets; sourceTree = "<group>"; };
		56FAA2C62016BA9700B5CED2 /* Base */ = {isa = PBXFileReference; lastKnownFileType = file.storyboard; name = Base; path = Base.lproj/LaunchScreen.storyboard; sourceTree = "<group>"; };
		56FAA2C82016BA9700B5CED2 /* Info.plist */ = {isa = PBXFileReference; lastKnownFileType = text.plist.xml; path = Info.plist; sourceTree = "<group>"; };
		56FAA2CE2016BAC500B5CED2 /* Cities.plist */ = {isa = PBXFileReference; lastKnownFileType = text.plist.xml; path = Cities.plist; sourceTree = "<group>"; };
		56FAA2CF2016BAC500B5CED2 /* Districts.plist */ = {isa = PBXFileReference; lastKnownFileType = text.plist.xml; path = Districts.plist; sourceTree = "<group>"; };
/* End PBXFileReference section */

/* Begin PBXFrameworksBuildPhase section */
		56FAA2B62016BA9700B5CED2 /* Frameworks */ = {
			isa = PBXFrameworksBuildPhase;
			buildActionMask = 2147483647;
			files = (
			);
			runOnlyForDeploymentPostprocessing = 0;
		};
/* End PBXFrameworksBuildPhase section */

/* Begin PBXGroup section */
		567416F02016F36700277329 /* Data */ = {
			isa = PBXGroup;
			children = (
				567416F42017091000277329 /* City.swift */,
				567416F620170B6B00277329 /* District.swift */,
				567416F820170F4A00277329 /* DataServices.swift */,
			);
			path = Data;
			sourceTree = "<group>";
		};
		567416F3201707AF00277329 /* ViewController */ = {
			isa = PBXGroup;
			children = (
				567416FA2017329C00277329 /* CitiesTableViewController.swift */,
				567416FC201732BD00277329 /* DistrictTableViewController.swift */,
				567417002017330900277329 /* GenderViewController.swift */,
				567417022017331E00277329 /* AgeViewController.swift */,
				56741704201733B100277329 /* ResultViewController.swift */,
			);
			path = ViewController;
			sourceTree = "<group>";
		};
		56FAA2B02016BA9700B5CED2 = {
			isa = PBXGroup;
			children = (
				56FAA2BB2016BA9700B5CED2 /* Register */,
				56FAA2BA2016BA9700B5CED2 /* Products */,
			);
			sourceTree = "<group>";
		};
		56FAA2BA2016BA9700B5CED2 /* Products */ = {
			isa = PBXGroup;
			children = (
				56FAA2B92016BA9700B5CED2 /* Register.app */,
			);
			name = Products;
			sourceTree = "<group>";
		};
		56FAA2BB2016BA9700B5CED2 /* Register */ = {
			isa = PBXGroup;
			children = (
				567416D02016D98E00277329 /* PlistServices.swift */,
				567416F3201707AF00277329 /* ViewController */,
				567416F02016F36700277329 /* Data */,
				56FAA2D02016BACC00B5CED2 /* FileSplist */,
				56FAA2BC2016BA9700B5CED2 /* AppDelegate.swift */,
				56FAA2C02016BA9700B5CED2 /* Main.storyboard */,
				56FAA2C82016BA9700B5CED2 /* Info.plist */,
				56FAA2C32016BA9700B5CED2 /* Assets.xcassets */,
				56FAA2C52016BA9700B5CED2 /* LaunchScreen.storyboard */,
			);
			path = Register;
			sourceTree = "<group>";
		};
		56FAA2D02016BACC00B5CED2 /* FileSplist */ = {
			isa = PBXGroup;
			children = (
				56FAA2CE2016BAC500B5CED2 /* Cities.plist */,
				56FAA2CF2016BAC500B5CED2 /* Districts.plist */,
			);
			name = FileSplist;
			path = "file plist";
			sourceTree = "<group>";
		};
/* End PBXGroup section */

/* Begin PBXNativeTarget section */
		56FAA2B82016BA9700B5CED2 /* Register */ = {
			isa = PBXNativeTarget;
			buildConfigurationList = 56FAA2CB2016BA9700B5CED2 /* Build configuration list for PBXNativeTarget "Register" */;
			buildPhases = (
				56FAA2B52016BA9700B5CED2 /* Sources */,
				56FAA2B62016BA9700B5CED2 /* Frameworks */,
				56FAA2B72016BA9700B5CED2 /* Resources */,
			);
			buildRules = (
			);
			dependencies = (
			);
			name = Register;
			productName = Register;
			productReference = 56FAA2B92016BA9700B5CED2 /* Register.app */;
			productType = "com.apple.product-type.application";
		};
/* End PBXNativeTarget section */

/* Begin PBXProject section */
		56FAA2B12016BA9700B5CED2 /* Project object */ = {
			isa = PBXProject;
			attributes = {
				LastSwiftUpdateCheck = 0900;
				LastUpgradeCheck = 0900;
				ORGANIZATIONNAME = vietanh;
				TargetAttributes = {
					56FAA2B82016BA9700B5CED2 = {
						CreatedOnToolsVersion = 9.0;
						ProvisioningStyle = Automatic;
					};
				};
			};
			buildConfigurationList = 56FAA2B42016BA9700B5CED2 /* Build configuration list for PBXProject "Register" */;
			compatibilityVersion = "Xcode 8.0";
			developmentRegion = en;
			hasScannedForEncodings = 0;
			knownRegions = (
				en,
				Base,
			);
			mainGroup = 56FAA2B02016BA9700B5CED2;
			productRefGroup = 56FAA2BA2016BA9700B5CED2 /* Products */;
			projectDirPath = "";
			projectRoot = "";
			targets = (
				56FAA2B82016BA9700B5CED2 /* Register */,
			);
		};
/* End PBXProject section */

/* Begin PBXResourcesBuildPhase section */
		56FAA2B72016BA9700B5CED2 /* Resources */ = {
			isa = PBXResourcesBuildPhase;
			buildActionMask = 2147483647;
			files = (
				56FAA2C72016BA9700B5CED2 /* LaunchScreen.storyboard in Resources */,
				56FAA2D22016BAE200B5CED2 /* Districts.plist in Resources */,
				56FAA2C42016BA9700B5CED2 /* Assets.xcassets in Resources */,
				56FAA2C22016BA9700B5CED2 /* Main.storyboard in Resources */,
				56FAA2D12016BADF00B5CED2 /* Cities.plist in Resources */,
			);
			runOnlyForDeploymentPostprocessing = 0;
		};
/* End PBXResourcesBuildPhase section */

/* Begin PBXSourcesBuildPhase section */
		56FAA2B52016BA9700B5CED2 /* Sources */ = {
			isa = PBXSourcesBuildPhase;
			buildActionMask = 2147483647;
			files = (
				567417012017330900277329 /* GenderViewController.swift in Sources */,
				567416F52017091000277329 /* City.swift in Sources */,
				567417032017331E00277329 /* AgeViewController.swift in Sources */,
				567416F920170F4A00277329 /* DataServices.swift in Sources */,
				567416F720170B6B00277329 /* District.swift in Sources */,
				56741705201733B100277329 /* ResultViewController.swift in Sources */,
				567416FD201732BD00277329 /* DistrictTableViewController.swift in Sources */,
				567416D12016D98E00277329 /* PlistServices.swift in Sources */,
				567416FB2017329C00277329 /* CitiesTableViewController.swift in Sources */,
				56FAA2BD2016BA9700B5CED2 /* AppDelegate.swift in Sources */,
			);
			runOnlyForDeploymentPostprocessing = 0;
		};
/* End PBXSourcesBuildPhase section */

/* Begin PBXVariantGroup section */
		56FAA2C02016BA9700B5CED2 /* Main.storyboard */ = {
			isa = PBXVariantGroup;
			children = (
				56FAA2C12016BA9700B5CED2 /* Base */,
			);
			name = Main.storyboard;
			sourceTree = "<group>";
		};
		56FAA2C52016BA9700B5CED2 /* LaunchScreen.storyboard */ = {
			isa = PBXVariantGroup;
			children = (
				56FAA2C62016BA9700B5CED2 /* Base */,
			);
			name = LaunchScreen.storyboard;
			sourceTree = "<group>";
		};
/* End PBXVariantGroup section */

/* Begin XCBuildConfiguration section */
		56FAA2C92016BA9700B5CED2 /* Debug */ = {
			isa = XCBuildConfiguration;
			buildSettings = {
				ALWAYS_SEARCH_USER_PATHS = NO;
				CLANG_ANALYZER_NONNULL = YES;
				CLANG_ANALYZER_NUMBER_OBJECT_CONVERSION = YES_AGGRESSIVE;
				CLANG_CXX_LANGUAGE_STANDARD = "gnu++14";
				CLANG_CXX_LIBRARY = "libc++";
				CLANG_ENABLE_MODULES = YES;
				CLANG_ENABLE_OBJC_ARC = YES;
				CLANG_WARN_BLOCK_CAPTURE_AUTORELEASING = YES;
				CLANG_WARN_BOOL_CONVERSION = YES;
				CLANG_WARN_COMMA = YES;
				CLANG_WARN_CONSTANT_CONVERSION = YES;
				CLANG_WARN_DIRECT_OBJC_ISA_USAGE = YES_ERROR;
				CLANG_WARN_DOCUMENTATION_COMMENTS = YES;
				CLANG_WARN_EMPTY_BODY = YES;
				CLANG_WARN_ENUM_CONVERSION = YES;
				CLANG_WARN_INFINITE_RECURSION = YES;
				CLANG_WARN_INT_CONVERSION = YES;
				CLANG_WARN_NON_LITERAL_NULL_CONVERSION = YES;
				CLANG_WARN_OBJC_LITERAL_CONVERSION = YES;
				CLANG_WARN_OBJC_ROOT_CLASS = YES_ERROR;
				CLANG_WARN_RANGE_LOOP_ANALYSIS = YES;
				CLANG_WARN_STRICT_PROTOTYPES = YES;
				CLANG_WARN_SUSPICIOUS_MOVE = YES;
				CLANG_WARN_UNGUARDED_AVAILABILITY = YES_AGGRESSIVE;
				CLANG_WARN_UNREACHABLE_CODE = YES;
				CLANG_WARN__DUPLICATE_METHOD_MATCH = YES;
				CODE_SIGN_IDENTITY = "iPhone Developer";
				COPY_PHASE_STRIP = NO;
				DEBUG_INFORMATION_FORMAT = dwarf;
				ENABLE_STRICT_OBJC_MSGSEND = YES;
				ENABLE_TESTABILITY = YES;
				GCC_C_LANGUAGE_STANDARD = gnu11;
				GCC_DYNAMIC_NO_PIC = NO;
				GCC_NO_COMMON_BLOCKS = YES;
				GCC_OPTIMIZATION_LEVEL = 0;
				GCC_PREPROCESSOR_DEFINITIONS = (
					"DEBUG=1",
					"$(inherited)",
				);
				GCC_WARN_64_TO_32_BIT_CONVERSION = YES;
				GCC_WARN_ABOUT_RETURN_TYPE = YES_ERROR;
				GCC_WARN_UNDECLARED_SELECTOR = YES;
				GCC_WARN_UNINITIALIZED_AUTOS = YES_AGGRESSIVE;
				GCC_WARN_UNUSED_FUNCTION = YES;
				GCC_WARN_UNUSED_VARIABLE = YES;
				IPHONEOS_DEPLOYMENT_TARGET = 11.0;
				MTL_ENABLE_DEBUG_INFO = YES;
				ONLY_ACTIVE_ARCH = YES;
				SDKROOT = iphoneos;
				SWIFT_ACTIVE_COMPILATION_CONDITIONS = DEBUG;
				SWIFT_OPTIMIZATION_LEVEL = "-Onone";
			};
			name = Debug;
		};
		56FAA2CA2016BA9700B5CED2 /* Release */ = {
			isa = XCBuildConfiguration;
			buildSettings = {
				ALWAYS_SEARCH_USER_PATHS = NO;
				CLANG_ANALYZER_NONNULL = YES;
				CLANG_ANALYZER_NUMBER_OBJECT_CONVERSION = YES_AGGRESSIVE;
				CLANG_CXX_LANGUAGE_STANDARD = "gnu++14";
				CLANG_CXX_LIBRARY = "libc++";
				CLANG_ENABLE_MODULES = YES;
				CLANG_ENABLE_OBJC_ARC = YES;
				CLANG_WARN_BLOCK_CAPTURE_AUTORELEASING = YES;
				CLANG_WARN_BOOL_CONVERSION = YES;
				CLANG_WARN_COMMA = YES;
				CLANG_WARN_CONSTANT_CONVERSION = YES;
				CLANG_WARN_DIRECT_OBJC_ISA_USAGE = YES_ERROR;
				CLANG_WARN_DOCUMENTATION_COMMENTS = YES;
				CLANG_WARN_EMPTY_BODY = YES;
				CLANG_WARN_ENUM_CONVERSION = YES;
				CLANG_WARN_INFINITE_RECURSION = YES;
				CLANG_WARN_INT_CONVERSION = YES;
				CLANG_WARN_NON_LITERAL_NULL_CONVERSION = YES;
				CLANG_WARN_OBJC_LITERAL_CONVERSION = YES;
				CLANG_WARN_OBJC_ROOT_CLASS = YES_ERROR;
				CLANG_WARN_RANGE_LOOP_ANALYSIS = YES;
				CLANG_WARN_STRICT_PROTOTYPES = YES;
				CLANG_WARN_SUSPICIOUS_MOVE = YES;
				CLANG_WARN_UNGUARDED_AVAILABILITY = YES_AGGRESSIVE;
				CLANG_WARN_UNREACHABLE_CODE = YES;
				CLANG_WARN__DUPLICATE_METHOD_MATCH = YES;
				CODE_SIGN_IDENTITY = "iPhone Developer";
				COPY_PHASE_STRIP = NO;
				DEBUG_INFORMATION_FORMAT = "dwarf-with-dsym";
				ENABLE_NS_ASSERTIONS = NO;
				ENABLE_STRICT_OBJC_MSGSEND = YES;
				GCC_C_LANGUAGE_STANDARD = gnu11;
				GCC_NO_COMMON_BLOCKS = YES;
				GCC_WARN_64_TO_32_BIT_CONVERSION = YES;
				GCC_WARN_ABOUT_RETURN_TYPE = YES_ERROR;
				GCC_WARN_UNDECLARED_SELECTOR = YES;
				GCC_WARN_UNINITIALIZED_AUTOS = YES_AGGRESSIVE;
				GCC_WARN_UNUSED_FUNCTION = YES;
				GCC_WARN_UNUSED_VARIABLE = YES;
				IPHONEOS_DEPLOYMENT_TARGET = 11.0;
				MTL_ENABLE_DEBUG_INFO = NO;
				SDKROOT = iphoneos;
				SWIFT_OPTIMIZATION_LEVEL = "-Owholemodule";
				VALIDATE_PRODUCT = YES;
			};
			name = Release;
		};
		56FAA2CC2016BA9700B5CED2 /* Debug */ = {
			isa = XCBuildConfiguration;
			buildSettings = {
				ASSETCATALOG_COMPILER_APPICON_NAME = AppIcon;
				CODE_SIGN_STYLE = Automatic;
				INFOPLIST_FILE = Register/Info.plist;
				LD_RUNPATH_SEARCH_PATHS = "$(inherited) @executable_path/Frameworks";
				PRODUCT_BUNDLE_IDENTIFIER = vietanh.Register;
				PRODUCT_NAME = "$(TARGET_NAME)";
				SWIFT_VERSION = 4.0;
				TARGETED_DEVICE_FAMILY = "1,2";
			};
			name = Debug;
		};
		56FAA2CD2016BA9700B5CED2 /* Release */ = {
			isa = XCBuildConfiguration;
			buildSettings = {
				ASSETCATALOG_COMPILER_APPICON_NAME = AppIcon;
				CODE_SIGN_STYLE = Automatic;
				INFOPLIST_FILE = Register/Info.plist;
				LD_RUNPATH_SEARCH_PATHS = "$(inherited) @executable_path/Frameworks";
				PRODUCT_BUNDLE_IDENTIFIER = vietanh.Register;
				PRODUCT_NAME = "$(TARGET_NAME)";
				SWIFT_VERSION = 4.0;
				TARGETED_DEVICE_FAMILY = "1,2";
			};
			name = Release;
		};
/* End XCBuildConfiguration section */

/* Begin XCConfigurationList section */
		56FAA2B42016BA9700B5CED2 /* Build configuration list for PBXProject "Register" */ = {
			isa = XCConfigurationList;
			buildConfigurations = (
				56FAA2C92016BA9700B5CED2 /* Debug */,
				56FAA2CA2016BA9700B5CED2 /* Release */,
			);
			defaultConfigurationIsVisible = 0;
			defaultConfigurationName = Release;
		};
		56FAA2CB2016BA9700B5CED2 /* Build configuration list for PBXNativeTarget "Register" */ = {
			isa = XCConfigurationList;
			buildConfigurations = (
				56FAA2CC2016BA9700B5CED2 /* Debug */,
				56FAA2CD2016BA9700B5CED2 /* Release */,
			);
			defaultConfigurationIsVisible = 0;
			defaultConfigurationName = Release;
		};
/* End XCConfigurationList section */
	};
	rootObject = 56FAA2B12016BA9700B5CED2 /* Project object */;
}
